
Microsoft Visual Studio Solution File, Format Version 12.00
# Visual Studio Version 17
VisualStudioVersion = 17.1.32210.238
MinimumVisualStudioVersion = 10.0.40219.1
Project("{8BC9CEB8-8B4A-11D0-8D11-00A0C91BC942}") = "OperatorFun", "OperatorFun\OperatorFun.vcxproj", "{8EA6FCA4-4F64-472D-A4CD-6D03AE026BCE}"
EndProject
Global
	GlobalSection(SolutionConfigurationPlatforms) = preSolution
		Debug|x64 = Debug|x64
		Debug|x86 = Debug|x86
		Release|x64 = Release|x64
		Release|x86 = Release|x86
	EndGlobalSection
	GlobalSection(ProjectConfigurationPlatforms) = postSolution
		{8EA6FCA4-4F64-472D-A4CD-6D03AE026BCE}.Debug|x64.ActiveCfg = Debug|x64
		{8EA6FCA4-4F64-472D-A4CD-6D03AE026BCE}.Debug|x64.Build.0 = Debug|x64
		{8EA6FCA4-4F64-472D-A4CD-6D03AE026BCE}.Debug|x86.ActiveCfg = Debug|Win32
		{8EA6FCA4-4F64-472D-A4CD-6D03AE026BCE}.Debug|x86.Build.0 = Debug|Win32
		{8EA6FCA4-4F64-472D-A4CD-6D03AE026BCE}.Release|x64.ActiveCfg = Release|x64
		{8EA6FCA4-4F64-472D-A4CD-6D03AE026BCE}.Release|x64.Build.0 = Release|x64
		{8EA6FCA4-4F64-472D-A4CD-6D03AE026BCE}.Release|x86.ActiveCfg = Release|Win32
		{8EA6FCA4-4F64-472D-A4CD-6D03AE026BCE}.Release|x86.Build.0 = Release|Win32
	EndGlobalSection
	GlobalSection(SolutionProperties) = preSolution
		HideSolutionNode = FALSE
	EndGlobalSection
	GlobalSection(ExtensibilityGlobals) = postSolution
		SolutionGuid = {A8F74E54-0493-476B-908A-D4508D18F972}
	EndGlobalSection
EndGlobal
